
Microsoft Visual Studio Solution File, Format Version 12.00
# Visual Studio 2013
VisualStudioVersion = 12.0.30501.0
MinimumVisualStudioVersion = 10.0.40219.1
Project("{FAE04EC0-301F-11D3-BF4B-00C04F79EFBC}") = "RoundCorneredProgressBar", "RoundCorneredProgressBar\RoundCorneredProgressBar.csproj", "{B2A527E0-88FF-42F9-B54C-E8D47DFDCFC7}"
EndProject
Project("{FAE04EC0-301F-11D3-BF4B-00C04F79EFBC}") = "RCProgressBarExamples", "RCProgressBarExamples\RCProgressBarExamples.csproj", "{B8437846-7DFE-40DE-82F3-FEA590DBE456}"
EndProject
Global
	GlobalSection(SolutionConfigurationPlatforms) = preSolution
		Debug|Any CPU = Debug|Any CPU
		Release|Any CPU = Release|Any CPU
	EndGlobalSection
	GlobalSection(ProjectConfigurationPlatforms) = postSolution
		{B2A527E0-88FF-42F9-B54C-E8D47DFDCFC7}.Debug|Any CPU.ActiveCfg = Debug|Any CPU
		{B2A527E0-88FF-42F9-B54C-E8D47DFDCFC7}.Debug|Any CPU.Build.0 = Debug|Any CPU
		{B2A527E0-88FF-42F9-B54C-E8D47DFDCFC7}.Release|Any CPU.ActiveCfg = Release|Any CPU
		{B2A527E0-88FF-42F9-B54C-E8D47DFDCFC7}.Release|Any CPU.Build.0 = Release|Any CPU
		{B8437846-7DFE-40DE-82F3-FEA590DBE456}.Debug|Any CPU.ActiveCfg = Debug|Any CPU
		{B8437846-7DFE-40DE-82F3-FEA590DBE456}.Debug|Any CPU.Build.0 = Debug|Any CPU
		{B8437846-7DFE-40DE-82F3-FEA590DBE456}.Release|Any CPU.ActiveCfg = Release|Any CPU
		{B8437846-7DFE-40DE-82F3-FEA590DBE456}.Release|Any CPU.Build.0 = Release|Any CPU
	EndGlobalSection
	GlobalSection(SolutionProperties) = preSolution
		HideSolutionNode = FALSE
	EndGlobalSection
EndGlobal
